
Microsoft Visual Studio Solution File, Format Version 12.00
# Visual Studio 15
Project("{FAE04EC0-301F-11D3-BF4B-00C04F79EFBC}") = "TopDownRogue.Runtime", "TopDownRogue.Runtime.csproj", "{755D95FD-DF6B-B40D-EAE6-45F89E4C40FF}"
EndProject
Project("{FAE04EC0-301F-11D3-BF4B-00C04F79EFBC}") = "Assembly-CSharp-Editor", "Assembly-CSharp-Editor.csproj", "{D6ABCE60-5998-1FE3-EB61-BA87E00434D5}"
EndProject
Project("{FAE04EC0-301F-11D3-BF4B-00C04F79EFBC}") = "TopDownRogue.EditModeTests", "TopDownRogue.EditModeTests.csproj", "{0DBFFA2A-A130-1C55-9C65-BB8D8D10E72F}"
EndProject
Project("{FAE04EC0-301F-11D3-BF4B-00C04F79EFBC}") = "Unity.UOS.Encrypt", "Unity.UOS.Encrypt.csproj", "{0D6434A0-9CAB-2172-B318-80C491F80936}"
EndProject
Global
	GlobalSection(SolutionConfigurationPlatforms) = preSolution
		Debug|Any CPU = Debug|Any CPU
		Release|Any CPU = Release|Any CPU
	EndGlobalSection
	GlobalSection(ProjectConfigurationPlatforms) = postSolution
		{755D95FD-DF6B-B40D-EAE6-45F89E4C40FF}.Debug|Any CPU.ActiveCfg = Debug|Any CPU
		{755D95FD-DF6B-B40D-EAE6-45F89E4C40FF}.Debug|Any CPU.Build.0 = Debug|Any CPU
		{755D95FD-DF6B-B40D-EAE6-45F89E4C40FF}.Release|Any CPU.ActiveCfg = Release|Any CPU
		{755D95FD-DF6B-B40D-EAE6-45F89E4C40FF}.Release|Any CPU.Build.0 = Release|Any CPU
		{D6ABCE60-5998-1FE3-EB61-BA87E00434D5}.Debug|Any CPU.ActiveCfg = Debug|Any CPU
		{D6ABCE60-5998-1FE3-EB61-BA87E00434D5}.Debug|Any CPU.Build.0 = Debug|Any CPU
		{D6ABCE60-5998-1FE3-EB61-BA87E00434D5}.Release|Any CPU.ActiveCfg = Release|Any CPU
		{D6ABCE60-5998-1FE3-EB61-BA87E00434D5}.Release|Any CPU.Build.0 = Release|Any CPU
		{0DBFFA2A-A130-1C55-9C65-BB8D8D10E72F}.Debug|Any CPU.ActiveCfg = Debug|Any CPU
		{0DBFFA2A-A130-1C55-9C65-BB8D8D10E72F}.Debug|Any CPU.Build.0 = Debug|Any CPU
		{0DBFFA2A-A130-1C55-9C65-BB8D8D10E72F}.Release|Any CPU.ActiveCfg = Release|Any CPU
		{0DBFFA2A-A130-1C55-9C65-BB8D8D10E72F}.Release|Any CPU.Build.0 = Release|Any CPU
		{0D6434A0-9CAB-2172-B318-80C491F80936}.Debug|Any CPU.ActiveCfg = Debug|Any CPU
		{0D6434A0-9CAB-2172-B318-80C491F80936}.Debug|Any CPU.Build.0 = Debug|Any CPU
		{0D6434A0-9CAB-2172-B318-80C491F80936}.Release|Any CPU.ActiveCfg = Release|Any CPU
		{0D6434A0-9CAB-2172-B318-80C491F80936}.Release|Any CPU.Build.0 = Release|Any CPU
	EndGlobalSection
	GlobalSection(SolutionProperties) = preSolution
		HideSolutionNode = FALSE
	EndGlobalSection
EndGlobal
