
Microsoft Visual Studio Solution File, Format Version 12.00
# Visual Studio 15
Project("{FAE04EC0-301F-11D3-BF4B-00C04F79EFBC}") = "Assembly-CSharp", "Assembly-CSharp.csproj", "{98AB0114-871C-71E6-838F-1619BA9D2745}"
EndProject
Project("{FAE04EC0-301F-11D3-BF4B-00C04F79EFBC}") = "Assembly-CSharp-Editor", "Assembly-CSharp-Editor.csproj", "{D6ABCE60-5998-1FE3-EB61-BA87E00434D5}"
EndProject
Project("{FAE04EC0-301F-11D3-BF4B-00C04F79EFBC}") = "Unity.UOS.Encrypt", "Unity.UOS.Encrypt.csproj", "{0D6434A0-9CAB-2172-B318-80C491F80936}"
EndProject
Global
	GlobalSection(SolutionConfigurationPlatforms) = preSolution
		Debug|Any CPU = Debug|Any CPU
		Release|Any CPU = Release|Any CPU
	EndGlobalSection
	GlobalSection(ProjectConfigurationPlatforms) = postSolution
		{98AB0114-871C-71E6-838F-1619BA9D2745}.Debug|Any CPU.ActiveCfg = Debug|Any CPU
		{98AB0114-871C-71E6-838F-1619BA9D2745}.Debug|Any CPU.Build.0 = Debug|Any CPU
		{98AB0114-871C-71E6-838F-1619BA9D2745}.Release|Any CPU.ActiveCfg = Release|Any CPU
		{98AB0114-871C-71E6-838F-1619BA9D2745}.Release|Any CPU.Build.0 = Release|Any CPU
		{D6ABCE60-5998-1FE3-EB61-BA87E00434D5}.Debug|Any CPU.ActiveCfg = Debug|Any CPU
		{D6ABCE60-5998-1FE3-EB61-BA87E00434D5}.Debug|Any CPU.Build.0 = Debug|Any CPU
		{D6ABCE60-5998-1FE3-EB61-BA87E00434D5}.Release|Any CPU.ActiveCfg = Release|Any CPU
		{D6ABCE60-5998-1FE3-EB61-BA87E00434D5}.Release|Any CPU.Build.0 = Release|Any CPU
		{0D6434A0-9CAB-2172-B318-80C491F80936}.Debug|Any CPU.ActiveCfg = Debug|Any CPU
		{0D6434A0-9CAB-2172-B318-80C491F80936}.Debug|Any CPU.Build.0 = Debug|Any CPU
		{0D6434A0-9CAB-2172-B318-80C491F80936}.Release|Any CPU.ActiveCfg = Release|Any CPU
		{0D6434A0-9CAB-2172-B318-80C491F80936}.Release|Any CPU.Build.0 = Release|Any CPU
	EndGlobalSection
	GlobalSection(SolutionProperties) = preSolution
		HideSolutionNode = FALSE
	EndGlobalSection
EndGlobal
